{
  "name": "@uon/model",
  "version": "0.4.0",
  "lockfileVersion": 1,
  "requires": true,
  "dependencies": {
    "@uon/core": {
      "version": "0.4.0",
      "requires": {
        "reflect-metadata": "^0.1.12"
      },
      "dependencies": {
        "@types/reflect-metadata": {
          "version": "0.0.5",
          "bundled": true
        },
        "reflect-metadata": {
          "version": "0.1.12",
          "bundled": true
        }
      }
    }
  }
}
